// !$*UTF8*$!
{
	archiveVersion = 1;
	classes = {
	};
	objectVersion = 56;
	objects = {

/* Begin PBXBuildFile section */
		BCECB5CC28ED40D30004F9F7 /* AppDelegate.swift in Sources */ = {isa = PBXBuildFile; fileRef = BCECB5CB28ED40D30004F9F7 /* AppDelegate.swift */; };
		BCECB5CE28ED40D30004F9F7 /* SceneDelegate.swift in Sources */ = {isa = PBXBuildFile; fileRef = BCECB5CD28ED40D30004F9F7 /* SceneDelegate.swift */; };
		BCECB5D028ED40D30004F9F7 /* ListViewController.swift in Sources */ = {isa = PBXBuildFile; fileRef = BCECB5CF28ED40D30004F9F7 /* ListViewController.swift */; };
		BCECB5D528ED40D40004F9F7 /* Assets.xcassets in Resources */ = {isa = PBXBuildFile; fileRef = BCECB5D428ED40D40004F9F7 /* Assets.xcassets */; };
		BCECB5D828ED40D40004F9F7 /* LaunchScreen.storyboard in Resources */ = {isa = PBXBuildFile; fileRef = BCECB5D628ED40D40004F9F7 /* LaunchScreen.storyboard */; };
		BCECB5E728ED4D940004F9F7 /* SnapKit in Frameworks */ = {isa = PBXBuildFile; productRef = BCECB5E628ED4D940004F9F7 /* SnapKit */; };
		BCECB5EA28ED4DA60004F9F7 /* Alamofire in Frameworks */ = {isa = PBXBuildFile; productRef = BCECB5E928ED4DA60004F9F7 /* Alamofire */; };
		BCECB5ED28ED4DC40004F9F7 /* Lottie in Frameworks */ = {isa = PBXBuildFile; productRef = BCECB5EC28ED4DC40004F9F7 /* Lottie */; };
		BCECB5F028ED4DD60004F9F7 /* Kingfisher in Frameworks */ = {isa = PBXBuildFile; productRef = BCECB5EF28ED4DD60004F9F7 /* Kingfisher */; };
		BCECB5F228ED50C00004F9F7 /* ListView.swift in Sources */ = {isa = PBXBuildFile; fileRef = BCECB5F128ED50C00004F9F7 /* ListView.swift */; };
		BCECB5F628ED51970004F9F7 /* Realm in Frameworks */ = {isa = PBXBuildFile; productRef = BCECB5F528ED51970004F9F7 /* Realm */; };
		BCECB5F828ED51970004F9F7 /* RealmSwift in Frameworks */ = {isa = PBXBuildFile; productRef = BCECB5F728ED51970004F9F7 /* RealmSwift */; };
		BCECB5FA28ED53130004F9F7 /* SplashViewController.swift in Sources */ = {isa = PBXBuildFile; fileRef = BCECB5F928ED53130004F9F7 /* SplashViewController.swift */; };
		BCECB5FC28ED54070004F9F7 /* weather_splash.json in Resources */ = {isa = PBXBuildFile; fileRef = BCECB5FB28ED54070004F9F7 /* weather_splash.json */; };
		BCECB5FE28ED58D00004F9F7 /* UserInfo.swift in Sources */ = {isa = PBXBuildFile; fileRef = BCECB5FD28ED58D00004F9F7 /* UserInfo.swift */; };
		BCECB60128ED69C40004F9F7 /* DetailView.swift in Sources */ = {isa = PBXBuildFile; fileRef = BCECB60028ED69C40004F9F7 /* DetailView.swift */; };
		BCECB60328ED69E10004F9F7 /* DetailViewController.swift in Sources */ = {isa = PBXBuildFile; fileRef = BCECB60228ED69E10004F9F7 /* DetailViewController.swift */; };
		BCECB60528ED720A0004F9F7 /* PageViewController.swift in Sources */ = {isa = PBXBuildFile; fileRef = BCECB60428ED720A0004F9F7 /* PageViewController.swift */; };
		BCECB60828EDA9C30004F9F7 /* RealmManager.swift in Sources */ = {isa = PBXBuildFile; fileRef = BCECB60728EDA9C30004F9F7 /* RealmManager.swift */; };
		BCECB60A28EDA9F90004F9F7 /* RealmRegionInfo.swift in Sources */ = {isa = PBXBuildFile; fileRef = BCECB60928EDA9F90004F9F7 /* RealmRegionInfo.swift */; };
/* End PBXBuildFile section */

/* Begin PBXFileReference section */
		BCECB5C828ED40D30004F9F7 /* iOS_First_Hackathon.app */ = {isa = PBXFileReference; explicitFileType = wrapper.application; includeInIndex = 0; path = iOS_First_Hackathon.app; sourceTree = BUILT_PRODUCTS_DIR; };
		BCECB5CB28ED40D30004F9F7 /* AppDelegate.swift */ = {isa = PBXFileReference; lastKnownFileType = sourcecode.swift; path = AppDelegate.swift; sourceTree = "<group>"; };
		BCECB5CD28ED40D30004F9F7 /* SceneDelegate.swift */ = {isa = PBXFileReference; lastKnownFileType = sourcecode.swift; path = SceneDelegate.swift; sourceTree = "<group>"; };
		BCECB5CF28ED40D30004F9F7 /* ListViewController.swift */ = {isa = PBXFileReference; lastKnownFileType = sourcecode.swift; path = ListViewController.swift; sourceTree = "<group>"; };
		BCECB5D428ED40D40004F9F7 /* Assets.xcassets */ = {isa = PBXFileReference; lastKnownFileType = folder.assetcatalog; path = Assets.xcassets; sourceTree = "<group>"; };
		BCECB5D728ED40D40004F9F7 /* Base */ = {isa = PBXFileReference; lastKnownFileType = file.storyboard; name = Base; path = Base.lproj/LaunchScreen.storyboard; sourceTree = "<group>"; };
		BCECB5D928ED40D40004F9F7 /* Info.plist */ = {isa = PBXFileReference; lastKnownFileType = text.plist.xml; path = Info.plist; sourceTree = "<group>"; };
		BCECB5E428ED482B0004F9F7 /* WeatherAPIKey.xcconfig */ = {isa = PBXFileReference; lastKnownFileType = text.xcconfig; path = WeatherAPIKey.xcconfig; sourceTree = "<group>"; };
		BCECB5F128ED50C00004F9F7 /* ListView.swift */ = {isa = PBXFileReference; lastKnownFileType = sourcecode.swift; path = ListView.swift; sourceTree = "<group>"; };
		BCECB5F928ED53130004F9F7 /* SplashViewController.swift */ = {isa = PBXFileReference; lastKnownFileType = sourcecode.swift; path = SplashViewController.swift; sourceTree = "<group>"; };
		BCECB5FB28ED54070004F9F7 /* weather_splash.json */ = {isa = PBXFileReference; fileEncoding = 4; lastKnownFileType = text.json; path = weather_splash.json; sourceTree = "<group>"; };
		BCECB5FD28ED58D00004F9F7 /* UserInfo.swift */ = {isa = PBXFileReference; lastKnownFileType = sourcecode.swift; path = UserInfo.swift; sourceTree = "<group>"; };
		BCECB60028ED69C40004F9F7 /* DetailView.swift */ = {isa = PBXFileReference; lastKnownFileType = sourcecode.swift; path = DetailView.swift; sourceTree = "<group>"; };
		BCECB60228ED69E10004F9F7 /* DetailViewController.swift */ = {isa = PBXFileReference; lastKnownFileType = sourcecode.swift; path = DetailViewController.swift; sourceTree = "<group>"; };
		BCECB60428ED720A0004F9F7 /* PageViewController.swift */ = {isa = PBXFileReference; lastKnownFileType = sourcecode.swift; path = PageViewController.swift; sourceTree = "<group>"; };
		BCECB60728EDA9C30004F9F7 /* RealmManager.swift */ = {isa = PBXFileReference; lastKnownFileType = sourcecode.swift; path = RealmManager.swift; sourceTree = "<group>"; };
		BCECB60928EDA9F90004F9F7 /* RealmRegionInfo.swift */ = {isa = PBXFileReference; lastKnownFileType = sourcecode.swift; path = RealmRegionInfo.swift; sourceTree = "<group>"; };
/* End PBXFileReference section */

/* Begin PBXFrameworksBuildPhase section */
		BCECB5C528ED40D30004F9F7 /* Frameworks */ = {
			isa = PBXFrameworksBuildPhase;
			buildActionMask = 2147483647;
			files = (
				BCECB5F828ED51970004F9F7 /* RealmSwift in Frameworks */,
				BCECB5F028ED4DD60004F9F7 /* Kingfisher in Frameworks */,
				BCECB5E728ED4D940004F9F7 /* SnapKit in Frameworks */,
				BCECB5EA28ED4DA60004F9F7 /* Alamofire in Frameworks */,
				BCECB5ED28ED4DC40004F9F7 /* Lottie in Frameworks */,
				BCECB5F628ED51970004F9F7 /* Realm in Frameworks */,
			);
			runOnlyForDeploymentPostprocessing = 0;
		};
/* End PBXFrameworksBuildPhase section */

/* Begin PBXGroup section */
		BCECB5BF28ED40D30004F9F7 = {
			isa = PBXGroup;
			children = (
				BCECB5CA28ED40D30004F9F7 /* iOS_First_Hackathon */,
				BCECB5C928ED40D30004F9F7 /* Products */,
			);
			sourceTree = "<group>";
		};
		BCECB5C928ED40D30004F9F7 /* Products */ = {
			isa = PBXGroup;
			children = (
				BCECB5C828ED40D30004F9F7 /* iOS_First_Hackathon.app */,
			);
			name = Products;
			sourceTree = "<group>";
		};
		BCECB5CA28ED40D30004F9F7 /* iOS_First_Hackathon */ = {
			isa = PBXGroup;
			children = (
				BCECB60628EDA9B60004F9F7 /* Service */,
				BCECB5DF28ED474B0004F9F7 /* Model */,
				BCECB5E028ED47500004F9F7 /* View */,
				BCECB5E128ED47550004F9F7 /* Controller */,
				BCECB5CB28ED40D30004F9F7 /* AppDelegate.swift */,
				BCECB5CD28ED40D30004F9F7 /* SceneDelegate.swift */,
				BCECB5D428ED40D40004F9F7 /* Assets.xcassets */,
				BCECB5D628ED40D40004F9F7 /* LaunchScreen.storyboard */,
				BCECB5D928ED40D40004F9F7 /* Info.plist */,
				BCECB5E428ED482B0004F9F7 /* WeatherAPIKey.xcconfig */,
				BCECB5FB28ED54070004F9F7 /* weather_splash.json */,
			);
			path = iOS_First_Hackathon;
			sourceTree = "<group>";
		};
		BCECB5DF28ED474B0004F9F7 /* Model */ = {
			isa = PBXGroup;
			children = (
				BCECB5FD28ED58D00004F9F7 /* UserInfo.swift */,
				BCECB60928EDA9F90004F9F7 /* RealmRegionInfo.swift */,
			);
			path = Model;
			sourceTree = "<group>";
		};
		BCECB5E028ED47500004F9F7 /* View */ = {
			isa = PBXGroup;
			children = (
				BCECB5FF28ED69B50004F9F7 /* Detail */,
				BCECB5F328ED50C60004F9F7 /* List */,
			);
			path = View;
			sourceTree = "<group>";
		};
		BCECB5E128ED47550004F9F7 /* Controller */ = {
			isa = PBXGroup;
			children = (
				BCECB5F928ED53130004F9F7 /* SplashViewController.swift */,
				BCECB5CF28ED40D30004F9F7 /* ListViewController.swift */,
				BCECB60228ED69E10004F9F7 /* DetailViewController.swift */,
				BCECB60428ED720A0004F9F7 /* PageViewController.swift */,
			);
			path = Controller;
			sourceTree = "<group>";
		};
		BCECB5F328ED50C60004F9F7 /* List */ = {
			isa = PBXGroup;
			children = (
				BCECB5F128ED50C00004F9F7 /* ListView.swift */,
			);
			path = List;
			sourceTree = "<group>";
		};
		BCECB5FF28ED69B50004F9F7 /* Detail */ = {
			isa = PBXGroup;
			children = (
				BCECB60028ED69C40004F9F7 /* DetailView.swift */,
			);
			path = Detail;
			sourceTree = "<group>";
		};
		BCECB60628EDA9B60004F9F7 /* Service */ = {
			isa = PBXGroup;
			children = (
				BCECB60728EDA9C30004F9F7 /* RealmManager.swift */,
			);
			path = Service;
			sourceTree = "<group>";
		};
/* End PBXGroup section */

/* Begin PBXNativeTarget section */
		BCECB5C728ED40D30004F9F7 /* iOS_First_Hackathon */ = {
			isa = PBXNativeTarget;
			buildConfigurationList = BCECB5DC28ED40D40004F9F7 /* Build configuration list for PBXNativeTarget "iOS_First_Hackathon" */;
			buildPhases = (
				BCECB5C428ED40D30004F9F7 /* Sources */,
				BCECB5C528ED40D30004F9F7 /* Frameworks */,
				BCECB5C628ED40D30004F9F7 /* Resources */,
			);
			buildRules = (
			);
			dependencies = (
			);
			name = iOS_First_Hackathon;
			packageProductDependencies = (
				BCECB5E628ED4D940004F9F7 /* SnapKit */,
				BCECB5E928ED4DA60004F9F7 /* Alamofire */,
				BCECB5EC28ED4DC40004F9F7 /* Lottie */,
				BCECB5EF28ED4DD60004F9F7 /* Kingfisher */,
				BCECB5F528ED51970004F9F7 /* Realm */,
				BCECB5F728ED51970004F9F7 /* RealmSwift */,
			);
			productName = iOS_First_Hackathon;
			productReference = BCECB5C828ED40D30004F9F7 /* iOS_First_Hackathon.app */;
			productType = "com.apple.product-type.application";
		};
/* End PBXNativeTarget section */

/* Begin PBXProject section */
		BCECB5C028ED40D30004F9F7 /* Project object */ = {
			isa = PBXProject;
			attributes = {
				BuildIndependentTargetsInParallel = 1;
				LastSwiftUpdateCheck = 1400;
				LastUpgradeCheck = 1400;
				TargetAttributes = {
					BCECB5C728ED40D30004F9F7 = {
						CreatedOnToolsVersion = 14.0;
					};
				};
			};
			buildConfigurationList = BCECB5C328ED40D30004F9F7 /* Build configuration list for PBXProject "iOS_First_Hackathon" */;
			compatibilityVersion = "Xcode 14.0";
			developmentRegion = en;
			hasScannedForEncodings = 0;
			knownRegions = (
				en,
				Base,
			);
			mainGroup = BCECB5BF28ED40D30004F9F7;
			packageReferences = (
				BCECB5E528ED4D940004F9F7 /* XCRemoteSwiftPackageReference "SnapKit" */,
				BCECB5E828ED4DA60004F9F7 /* XCRemoteSwiftPackageReference "Alamofire" */,
				BCECB5EB28ED4DC40004F9F7 /* XCRemoteSwiftPackageReference "lottie-ios" */,
				BCECB5EE28ED4DD60004F9F7 /* XCRemoteSwiftPackageReference "Kingfisher" */,
				BCECB5F428ED51970004F9F7 /* XCRemoteSwiftPackageReference "realm-swift" */,
			);
			productRefGroup = BCECB5C928ED40D30004F9F7 /* Products */;
			projectDirPath = "";
			projectRoot = "";
			targets = (
				BCECB5C728ED40D30004F9F7 /* iOS_First_Hackathon */,
			);
		};
/* End PBXProject section */

/* Begin PBXResourcesBuildPhase section */
		BCECB5C628ED40D30004F9F7 /* Resources */ = {
			isa = PBXResourcesBuildPhase;
			buildActionMask = 2147483647;
			files = (
				BCECB5FC28ED54070004F9F7 /* weather_splash.json in Resources */,
				BCECB5D828ED40D40004F9F7 /* LaunchScreen.storyboard in Resources */,
				BCECB5D528ED40D40004F9F7 /* Assets.xcassets in Resources */,
			);
			runOnlyForDeploymentPostprocessing = 0;
		};
/* End PBXResourcesBuildPhase section */

/* Begin PBXSourcesBuildPhase section */
		BCECB5C428ED40D30004F9F7 /* Sources */ = {
			isa = PBXSourcesBuildPhase;
			buildActionMask = 2147483647;
			files = (
				BCECB5F228ED50C00004F9F7 /* ListView.swift in Sources */,
				BCECB5D028ED40D30004F9F7 /* ListViewController.swift in Sources */,
				BCECB5CC28ED40D30004F9F7 /* AppDelegate.swift in Sources */,
				BCECB60128ED69C40004F9F7 /* DetailView.swift in Sources */,
				BCECB5CE28ED40D30004F9F7 /* SceneDelegate.swift in Sources */,
				BCECB5FE28ED58D00004F9F7 /* UserInfo.swift in Sources */,
				BCECB60528ED720A0004F9F7 /* PageViewController.swift in Sources */,
				BCECB60828EDA9C30004F9F7 /* RealmManager.swift in Sources */,
				BCECB5FA28ED53130004F9F7 /* SplashViewController.swift in Sources */,
				BCECB60A28EDA9F90004F9F7 /* RealmRegionInfo.swift in Sources */,
				BCECB60328ED69E10004F9F7 /* DetailViewController.swift in Sources */,
			);
			runOnlyForDeploymentPostprocessing = 0;
		};
/* End PBXSourcesBuildPhase section */

/* Begin PBXVariantGroup section */
		BCECB5D628ED40D40004F9F7 /* LaunchScreen.storyboard */ = {
			isa = PBXVariantGroup;
			children = (
				BCECB5D728ED40D40004F9F7 /* Base */,
			);
			name = LaunchScreen.storyboard;
			sourceTree = "<group>";
		};
/* End PBXVariantGroup section */

/* Begin XCBuildConfiguration section */
		BCECB5DA28ED40D40004F9F7 /* Debug */ = {
			isa = XCBuildConfiguration;
			buildSettings = {
				ALWAYS_SEARCH_USER_PATHS = NO;
				CLANG_ANALYZER_NONNULL = YES;
				CLANG_ANALYZER_NUMBER_OBJECT_CONVERSION = YES_AGGRESSIVE;
				CLANG_CXX_LANGUAGE_STANDARD = "gnu++20";
				CLANG_ENABLE_MODULES = YES;
				CLANG_ENABLE_OBJC_ARC = YES;
				CLANG_ENABLE_OBJC_WEAK = YES;
				CLANG_WARN_BLOCK_CAPTURE_AUTORELEASING = YES;
				CLANG_WARN_BOOL_CONVERSION = YES;
				CLANG_WARN_COMMA = YES;
				CLANG_WARN_CONSTANT_CONVERSION = YES;
				CLANG_WARN_DEPRECATED_OBJC_IMPLEMENTATIONS = YES;
				CLANG_WARN_DIRECT_OBJC_ISA_USAGE = YES_ERROR;
				CLANG_WARN_DOCUMENTATION_COMMENTS = YES;
				CLANG_WARN_EMPTY_BODY = YES;
				CLANG_WARN_ENUM_CONVERSION = YES;
				CLANG_WARN_INFINITE_RECURSION = YES;
				CLANG_WARN_INT_CONVERSION = YES;
				CLANG_WARN_NON_LITERAL_NULL_CONVERSION = YES;
				CLANG_WARN_OBJC_IMPLICIT_RETAIN_SELF = YES;
				CLANG_WARN_OBJC_LITERAL_CONVERSION = YES;
				CLANG_WARN_OBJC_ROOT_CLASS = YES_ERROR;
				CLANG_WARN_QUOTED_INCLUDE_IN_FRAMEWORK_HEADER = YES;
				CLANG_WARN_RANGE_LOOP_ANALYSIS = YES;
				CLANG_WARN_STRICT_PROTOTYPES = YES;
				CLANG_WARN_SUSPICIOUS_MOVE = YES;
				CLANG_WARN_UNGUARDED_AVAILABILITY = YES_AGGRESSIVE;
				CLANG_WARN_UNREACHABLE_CODE = YES;
				CLANG_WARN__DUPLICATE_METHOD_MATCH = YES;
				COPY_PHASE_STRIP = NO;
				DEBUG_INFORMATION_FORMAT = dwarf;
				ENABLE_STRICT_OBJC_MSGSEND = YES;
				ENABLE_TESTABILITY = YES;
				GCC_C_LANGUAGE_STANDARD = gnu11;
				GCC_DYNAMIC_NO_PIC = NO;
				GCC_NO_COMMON_BLOCKS = YES;
				GCC_OPTIMIZATION_LEVEL = 0;
				GCC_PREPROCESSOR_DEFINITIONS = (
					"DEBUG=1",
					"$(inherited)",
				);
				GCC_WARN_64_TO_32_BIT_CONVERSION = YES;
				GCC_WARN_ABOUT_RETURN_TYPE = YES_ERROR;
				GCC_WARN_UNDECLARED_SELECTOR = YES;
				GCC_WARN_UNINITIALIZED_AUTOS = YES_AGGRESSIVE;
				GCC_WARN_UNUSED_FUNCTION = YES;
				GCC_WARN_UNUSED_VARIABLE = YES;
				IPHONEOS_DEPLOYMENT_TARGET = 16.0;
				MTL_ENABLE_DEBUG_INFO = INCLUDE_SOURCE;
				MTL_FAST_MATH = YES;
				ONLY_ACTIVE_ARCH = YES;
				SDKROOT = iphoneos;
				SWIFT_ACTIVE_COMPILATION_CONDITIONS = DEBUG;
				SWIFT_OPTIMIZATION_LEVEL = "-Onone";
			};
			name = Debug;
		};
		BCECB5DB28ED40D40004F9F7 /* Release */ = {
			isa = XCBuildConfiguration;
			buildSettings = {
				ALWAYS_SEARCH_USER_PATHS = NO;
				CLANG_ANALYZER_NONNULL = YES;
				CLANG_ANALYZER_NUMBER_OBJECT_CONVERSION = YES_AGGRESSIVE;
				CLANG_CXX_LANGUAGE_STANDARD = "gnu++20";
				CLANG_ENABLE_MODULES = YES;
				CLANG_ENABLE_OBJC_ARC = YES;
				CLANG_ENABLE_OBJC_WEAK = YES;
				CLANG_WARN_BLOCK_CAPTURE_AUTORELEASING = YES;
				CLANG_WARN_BOOL_CONVERSION = YES;
				CLANG_WARN_COMMA = YES;
				CLANG_WARN_CONSTANT_CONVERSION = YES;
				CLANG_WARN_DEPRECATED_OBJC_IMPLEMENTATIONS = YES;
				CLANG_WARN_DIRECT_OBJC_ISA_USAGE = YES_ERROR;
				CLANG_WARN_DOCUMENTATION_COMMENTS = YES;
				CLANG_WARN_EMPTY_BODY = YES;
				CLANG_WARN_ENUM_CONVERSION = YES;
				CLANG_WARN_INFINITE_RECURSION = YES;
				CLANG_WARN_INT_CONVERSION = YES;
				CLANG_WARN_NON_LITERAL_NULL_CONVERSION = YES;
				CLANG_WARN_OBJC_IMPLICIT_RETAIN_SELF = YES;
				CLANG_WARN_OBJC_LITERAL_CONVERSION = YES;
				CLANG_WARN_OBJC_ROOT_CLASS = YES_ERROR;
				CLANG_WARN_QUOTED_INCLUDE_IN_FRAMEWORK_HEADER = YES;
				CLANG_WARN_RANGE_LOOP_ANALYSIS = YES;
				CLANG_WARN_STRICT_PROTOTYPES = YES;
				CLANG_WARN_SUSPICIOUS_MOVE = YES;
				CLANG_WARN_UNGUARDED_AVAILABILITY = YES_AGGRESSIVE;
				CLANG_WARN_UNREACHABLE_CODE = YES;
				CLANG_WARN__DUPLICATE_METHOD_MATCH = YES;
				COPY_PHASE_STRIP = NO;
				DEBUG_INFORMATION_FORMAT = "dwarf-with-dsym";
				ENABLE_NS_ASSERTIONS = NO;
				ENABLE_STRICT_OBJC_MSGSEND = YES;
				GCC_C_LANGUAGE_STANDARD = gnu11;
				GCC_NO_COMMON_BLOCKS = YES;
				GCC_WARN_64_TO_32_BIT_CONVERSION = YES;
				GCC_WARN_ABOUT_RETURN_TYPE = YES_ERROR;
				GCC_WARN_UNDECLARED_SELECTOR = YES;
				GCC_WARN_UNINITIALIZED_AUTOS = YES_AGGRESSIVE;
				GCC_WARN_UNUSED_FUNCTION = YES;
				GCC_WARN_UNUSED_VARIABLE = YES;
				IPHONEOS_DEPLOYMENT_TARGET = 16.0;
				MTL_ENABLE_DEBUG_INFO = NO;
				MTL_FAST_MATH = YES;
				SDKROOT = iphoneos;
				SWIFT_COMPILATION_MODE = wholemodule;
				SWIFT_OPTIMIZATION_LEVEL = "-O";
				VALIDATE_PRODUCT = YES;
			};
			name = Release;
		};
		BCECB5DD28ED40D40004F9F7 /* Debug */ = {
			isa = XCBuildConfiguration;
			baseConfigurationReference = BCECB5E428ED482B0004F9F7 /* WeatherAPIKey.xcconfig */;
			buildSettings = {
				ASSETCATALOG_COMPILER_APPICON_NAME = AppIcon;
				ASSETCATALOG_COMPILER_GLOBAL_ACCENT_COLOR_NAME = AccentColor;
				CODE_SIGN_STYLE = Automatic;
				CURRENT_PROJECT_VERSION = 1;
				DEVELOPMENT_TEAM = F92UQYH2RA;
				GENERATE_INFOPLIST_FILE = YES;
				INFOPLIST_FILE = iOS_First_Hackathon/Info.plist;
				INFOPLIST_KEY_NSLocationAlwaysAndWhenInUseUsageDescription = "사용자의 위치정보를 받아옵니다.";
				INFOPLIST_KEY_NSLocationWhenInUseUsageDescription = "사용자의 위치정보를 받아옵니다.";
				INFOPLIST_KEY_UIApplicationSupportsIndirectInputEvents = YES;
				INFOPLIST_KEY_UILaunchStoryboardName = LaunchScreen;
				INFOPLIST_KEY_UISupportedInterfaceOrientations_iPad = "UIInterfaceOrientationPortrait UIInterfaceOrientationPortraitUpsideDown UIInterfaceOrientationLandscapeLeft UIInterfaceOrientationLandscapeRight";
				INFOPLIST_KEY_UISupportedInterfaceOrientations_iPhone = "UIInterfaceOrientationPortrait UIInterfaceOrientationLandscapeLeft UIInterfaceOrientationLandscapeRight";
				IPHONEOS_DEPLOYMENT_TARGET = 15.0;
				LD_RUNPATH_SEARCH_PATHS = (
					"$(inherited)",
					"@executable_path/Frameworks",
				);
				MARKETING_VERSION = 1.0;
				PRODUCT_BUNDLE_IDENTIFIER = "ungchun.iOS-First-Hackathon";
				PRODUCT_NAME = "$(TARGET_NAME)";
				SWIFT_EMIT_LOC_STRINGS = YES;
				SWIFT_VERSION = 5.0;
				TARGETED_DEVICE_FAMILY = "1,2";
			};
			name = Debug;
		};
		BCECB5DE28ED40D40004F9F7 /* Release */ = {
			isa = XCBuildConfiguration;
			baseConfigurationReference = BCECB5E428ED482B0004F9F7 /* WeatherAPIKey.xcconfig */;
			buildSettings = {
				ASSETCATALOG_COMPILER_APPICON_NAME = AppIcon;
				ASSETCATALOG_COMPILER_GLOBAL_ACCENT_COLOR_NAME = AccentColor;
				CODE_SIGN_STYLE = Automatic;
				CURRENT_PROJECT_VERSION = 1;
				DEVELOPMENT_TEAM = F92UQYH2RA;
				GENERATE_INFOPLIST_FILE = YES;
				INFOPLIST_FILE = iOS_First_Hackathon/Info.plist;
				INFOPLIST_KEY_NSLocationAlwaysAndWhenInUseUsageDescription = "사용자의 위치정보를 받아옵니다.";
				INFOPLIST_KEY_NSLocationWhenInUseUsageDescription = "사용자의 위치정보를 받아옵니다.";
				INFOPLIST_KEY_UIApplicationSupportsIndirectInputEvents = YES;
				INFOPLIST_KEY_UILaunchStoryboardName = LaunchScreen;
				INFOPLIST_KEY_UISupportedInterfaceOrientations_iPad = "UIInterfaceOrientationPortrait UIInterfaceOrientationPortraitUpsideDown UIInterfaceOrientationLandscapeLeft UIInterfaceOrientationLandscapeRight";
				INFOPLIST_KEY_UISupportedInterfaceOrientations_iPhone = "UIInterfaceOrientationPortrait UIInterfaceOrientationLandscapeLeft UIInterfaceOrientationLandscapeRight";
				IPHONEOS_DEPLOYMENT_TARGET = 15.0;
				LD_RUNPATH_SEARCH_PATHS = (
					"$(inherited)",
					"@executable_path/Frameworks",
				);
				MARKETING_VERSION = 1.0;
				PRODUCT_BUNDLE_IDENTIFIER = "ungchun.iOS-First-Hackathon";
				PRODUCT_NAME = "$(TARGET_NAME)";
				SWIFT_EMIT_LOC_STRINGS = YES;
				SWIFT_VERSION = 5.0;
				TARGETED_DEVICE_FAMILY = "1,2";
			};
			name = Release;
		};
/* End XCBuildConfiguration section */

/* Begin XCConfigurationList section */
		BCECB5C328ED40D30004F9F7 /* Build configuration list for PBXProject "iOS_First_Hackathon" */ = {
			isa = XCConfigurationList;
			buildConfigurations = (
				BCECB5DA28ED40D40004F9F7 /* Debug */,
				BCECB5DB28ED40D40004F9F7 /* Release */,
			);
			defaultConfigurationIsVisible = 0;
			defaultConfigurationName = Release;
		};
		BCECB5DC28ED40D40004F9F7 /* Build configuration list for PBXNativeTarget "iOS_First_Hackathon" */ = {
			isa = XCConfigurationList;
			buildConfigurations = (
				BCECB5DD28ED40D40004F9F7 /* Debug */,
				BCECB5DE28ED40D40004F9F7 /* Release */,
			);
			defaultConfigurationIsVisible = 0;
			defaultConfigurationName = Release;
		};
/* End XCConfigurationList section */

/* Begin XCRemoteSwiftPackageReference section */
		BCECB5E528ED4D940004F9F7 /* XCRemoteSwiftPackageReference "SnapKit" */ = {
			isa = XCRemoteSwiftPackageReference;
			repositoryURL = "https://github.com/SnapKit/SnapKit.git";
			requirement = {
				kind = upToNextMajorVersion;
				minimumVersion = 5.0.0;
			};
		};
		BCECB5E828ED4DA60004F9F7 /* XCRemoteSwiftPackageReference "Alamofire" */ = {
			isa = XCRemoteSwiftPackageReference;
			repositoryURL = "https://github.com/Alamofire/Alamofire.git";
			requirement = {
				kind = upToNextMajorVersion;
				minimumVersion = 5.0.0;
			};
		};
		BCECB5EB28ED4DC40004F9F7 /* XCRemoteSwiftPackageReference "lottie-ios" */ = {
			isa = XCRemoteSwiftPackageReference;
			repositoryURL = "https://github.com/airbnb/lottie-ios";
			requirement = {
				kind = upToNextMajorVersion;
				minimumVersion = 3.0.0;
			};
		};
		BCECB5EE28ED4DD60004F9F7 /* XCRemoteSwiftPackageReference "Kingfisher" */ = {
			isa = XCRemoteSwiftPackageReference;
			repositoryURL = "https://github.com/onevcat/Kingfisher.git";
			requirement = {
				kind = upToNextMajorVersion;
				minimumVersion = 7.0.0;
			};
		};
		BCECB5F428ED51970004F9F7 /* XCRemoteSwiftPackageReference "realm-swift" */ = {
			isa = XCRemoteSwiftPackageReference;
			repositoryURL = "https://github.com/realm/realm-swift.git";
			requirement = {
				branch = master;
				kind = branch;
			};
		};
/* End XCRemoteSwiftPackageReference section */

/* Begin XCSwiftPackageProductDependency section */
		BCECB5E628ED4D940004F9F7 /* SnapKit */ = {
			isa = XCSwiftPackageProductDependency;
			package = BCECB5E528ED4D940004F9F7 /* XCRemoteSwiftPackageReference "SnapKit" */;
			productName = SnapKit;
		};
		BCECB5E928ED4DA60004F9F7 /* Alamofire */ = {
			isa = XCSwiftPackageProductDependency;
			package = BCECB5E828ED4DA60004F9F7 /* XCRemoteSwiftPackageReference "Alamofire" */;
			productName = Alamofire;
		};
		BCECB5EC28ED4DC40004F9F7 /* Lottie */ = {
			isa = XCSwiftPackageProductDependency;
			package = BCECB5EB28ED4DC40004F9F7 /* XCRemoteSwiftPackageReference "lottie-ios" */;
			productName = Lottie;
		};
		BCECB5EF28ED4DD60004F9F7 /* Kingfisher */ = {
			isa = XCSwiftPackageProductDependency;
			package = BCECB5EE28ED4DD60004F9F7 /* XCRemoteSwiftPackageReference "Kingfisher" */;
			productName = Kingfisher;
		};
		BCECB5F528ED51970004F9F7 /* Realm */ = {
			isa = XCSwiftPackageProductDependency;
			package = BCECB5F428ED51970004F9F7 /* XCRemoteSwiftPackageReference "realm-swift" */;
			productName = Realm;
		};
		BCECB5F728ED51970004F9F7 /* RealmSwift */ = {
			isa = XCSwiftPackageProductDependency;
			package = BCECB5F428ED51970004F9F7 /* XCRemoteSwiftPackageReference "realm-swift" */;
			productName = RealmSwift;
		};
/* End XCSwiftPackageProductDependency section */
	};
	rootObject = BCECB5C028ED40D30004F9F7 /* Project object */;
}
